
Microsoft Visual Studio Solution File, Format Version 12.00
# Visual Studio 2017
Project("{FAE04EC0-301F-11D3-BF4B-00C04F79EFBC}") = "Balloon-popping", "Balloon-popping.csproj", "{D1A236C5-0D7A-F755-BDA5-B0DB8434A5AD}"
EndProject
Global
	GlobalSection(SolutionConfigurationPlatforms) = preSolution
		Debug|Any CPU = Debug|Any CPU
		Release|Any CPU = Release|Any CPU
	EndGlobalSection
	GlobalSection(ProjectConfigurationPlatforms) = postSolution
		{D1A236C5-0D7A-F755-BDA5-B0DB8434A5AD}.Debug|Any CPU.ActiveCfg = Debug|Any CPU
		{D1A236C5-0D7A-F755-BDA5-B0DB8434A5AD}.Debug|Any CPU.Build.0 = Debug|Any CPU
		{D1A236C5-0D7A-F755-BDA5-B0DB8434A5AD}.Release|Any CPU.ActiveCfg = Release|Any CPU
		{D1A236C5-0D7A-F755-BDA5-B0DB8434A5AD}.Release|Any CPU.Build.0 = Release|Any CPU
	EndGlobalSection
	GlobalSection(SolutionProperties) = preSolution
		HideSolutionNode = FALSE
	EndGlobalSection
EndGlobal
